
Microsoft Visual Studio Solution File, Format Version 12.00
# Visual Studio Version 17
VisualStudioVersion = 17.8.34525.116
MinimumVisualStudioVersion = 10.0.40219.1
Project("{FAE04EC0-301F-11D3-BF4B-00C04F79EFBC}") = "Lab_31", "Lab_31\Lab_31.csproj", "{EA08CDE7-194A-47FA-80F2-754AC3D984E7}"
EndProject
Global
	GlobalSection(SolutionConfigurationPlatforms) = preSolution
		Debug|Any CPU = Debug|Any CPU
		Release|Any CPU = Release|Any CPU
	EndGlobalSection
	GlobalSection(ProjectConfigurationPlatforms) = postSolution
		{EA08CDE7-194A-47FA-80F2-754AC3D984E7}.Debug|Any CPU.ActiveCfg = Debug|Any CPU
		{EA08CDE7-194A-47FA-80F2-754AC3D984E7}.Debug|Any CPU.Build.0 = Debug|Any CPU
		{EA08CDE7-194A-47FA-80F2-754AC3D984E7}.Release|Any CPU.ActiveCfg = Release|Any CPU
		{EA08CDE7-194A-47FA-80F2-754AC3D984E7}.Release|Any CPU.Build.0 = Release|Any CPU
	EndGlobalSection
	GlobalSection(SolutionProperties) = preSolution
		HideSolutionNode = FALSE
	EndGlobalSection
	GlobalSection(ExtensibilityGlobals) = postSolution
		SolutionGuid = {645698D2-6780-4BF4-97BC-B4359C8ED5A5}
	EndGlobalSection
EndGlobal
